// !$*UTF8*$!
{
	archiveVersion = 1;
	classes = {
	};
	objectVersion = 50;
	objects = {

/* Begin PBXBuildFile section */
		1B00D525513CF81D818B39C2 /* Pods_githubsample.framework in Frameworks */ = {isa = PBXBuildFile; fileRef = 2683088C221595BC18C43B69 /* Pods_githubsample.framework */; };
		75055D9E2202437800E19CB6 /* Repository.swift in Sources */ = {isa = PBXBuildFile; fileRef = 75055D9D2202437800E19CB6 /* Repository.swift */; };
		75055DA02202447000E19CB6 /* Author.swift in Sources */ = {isa = PBXBuildFile; fileRef = 75055D9F2202447000E19CB6 /* Author.swift */; };
		75055DA422024C0000E19CB6 /* ModelsTests.swift in Sources */ = {isa = PBXBuildFile; fileRef = 75055DA322024C0000E19CB6 /* ModelsTests.swift */; };
		75055DAC22024D9100E19CB6 /* RepositoriesViewController.swift in Sources */ = {isa = PBXBuildFile; fileRef = 75055DAB22024D9100E19CB6 /* RepositoriesViewController.swift */; };
		75055DAF22024DCD00E19CB6 /* RepositoryDetailViewController.swift in Sources */ = {isa = PBXBuildFile; fileRef = 75055DAE22024DCD00E19CB6 /* RepositoryDetailViewController.swift */; };
		75055DB222024E0100E19CB6 /* MainCoordinator.swift in Sources */ = {isa = PBXBuildFile; fileRef = 75055DB122024E0100E19CB6 /* MainCoordinator.swift */; };
		75055DB422024E0D00E19CB6 /* Coordinator.swift in Sources */ = {isa = PBXBuildFile; fileRef = 75055DB322024E0D00E19CB6 /* Coordinator.swift */; };
		75055DB822024E6700E19CB6 /* ViewConfiguration.swift in Sources */ = {isa = PBXBuildFile; fileRef = 75055DB722024E6700E19CB6 /* ViewConfiguration.swift */; };
		75055DBC22024F0D00E19CB6 /* ViewModelConfigurable.swift in Sources */ = {isa = PBXBuildFile; fileRef = 75055DBB22024F0D00E19CB6 /* ViewModelConfigurable.swift */; };
		75055DBE22024F7C00E19CB6 /* Layoutable.swift in Sources */ = {isa = PBXBuildFile; fileRef = 75055DBD22024F7C00E19CB6 /* Layoutable.swift */; };
		75055DC12202559A00E19CB6 /* UIViewController+Extensions.swift in Sources */ = {isa = PBXBuildFile; fileRef = 75055DC02202559A00E19CB6 /* UIViewController+Extensions.swift */; };
		75055DC32202561200E19CB6 /* RepositoriesViewModel.swift in Sources */ = {isa = PBXBuildFile; fileRef = 75055DC22202561200E19CB6 /* RepositoriesViewModel.swift */; };
		75055DC5220256A400E19CB6 /* UIView+Extensions.swift in Sources */ = {isa = PBXBuildFile; fileRef = 75055DC4220256A400E19CB6 /* UIView+Extensions.swift */; };
		75055DCA220258B600E19CB6 /* RepositoryTableViewCell.swift in Sources */ = {isa = PBXBuildFile; fileRef = 75055DC9220258B600E19CB6 /* RepositoryTableViewCell.swift */; };
		75055DCC220258E800E19CB6 /* UITableViewCell+Extensions.swift in Sources */ = {isa = PBXBuildFile; fileRef = 75055DCB220258E800E19CB6 /* UITableViewCell+Extensions.swift */; };
		75055DD122025F7100E19CB6 /* AuthorView.swift in Sources */ = {isa = PBXBuildFile; fileRef = 75055DD022025F7100E19CB6 /* AuthorView.swift */; };
		75055DD72202613200E19CB6 /* BadgeView.swift in Sources */ = {isa = PBXBuildFile; fileRef = 75055DD62202613200E19CB6 /* BadgeView.swift */; };
		75055DD922026AEE00E19CB6 /* Reusable.swift in Sources */ = {isa = PBXBuildFile; fileRef = 75055DD822026AEE00E19CB6 /* Reusable.swift */; };
		75055DDD22027FDA00E19CB6 /* NetworkManager.swift in Sources */ = {isa = PBXBuildFile; fileRef = 75055DDC22027FDA00E19CB6 /* NetworkManager.swift */; };
		75055DE02202802000E19CB6 /* NetworkingManageable.swift in Sources */ = {isa = PBXBuildFile; fileRef = 75055DDF2202802000E19CB6 /* NetworkingManageable.swift */; };
		75055DE22202809500E19CB6 /* NetworkEndpoint.swift in Sources */ = {isa = PBXBuildFile; fileRef = 75055DE12202809500E19CB6 /* NetworkEndpoint.swift */; };
		75055DE5220280F000E19CB6 /* NetworkMethod.swift in Sources */ = {isa = PBXBuildFile; fileRef = 75055DE4220280F000E19CB6 /* NetworkMethod.swift */; };
		75055DE72202810D00E19CB6 /* NetworkTask.swift in Sources */ = {isa = PBXBuildFile; fileRef = 75055DE62202810D00E19CB6 /* NetworkTask.swift */; };
		75055DEA2202815800E19CB6 /* NetworkResult.swift in Sources */ = {isa = PBXBuildFile; fileRef = 75055DE92202815800E19CB6 /* NetworkResult.swift */; };
		75055DED2202817B00E19CB6 /* NetworkResultable.swift in Sources */ = {isa = PBXBuildFile; fileRef = 75055DEC2202817B00E19CB6 /* NetworkResultable.swift */; };
		75055DEF220281E000E19CB6 /* NetworkResponse.swift in Sources */ = {isa = PBXBuildFile; fileRef = 75055DEE220281E000E19CB6 /* NetworkResponse.swift */; };
		75055DF32202823100E19CB6 /* NetworkManagerAliases.swift in Sources */ = {isa = PBXBuildFile; fileRef = 75055DF22202823100E19CB6 /* NetworkManagerAliases.swift */; };
		75055DF52202827A00E19CB6 /* ResponseNetworkError.swift in Sources */ = {isa = PBXBuildFile; fileRef = 75055DF42202827A00E19CB6 /* ResponseNetworkError.swift */; };
		75055DFA220282E100E19CB6 /* NetworkError.swift in Sources */ = {isa = PBXBuildFile; fileRef = 75055DF9220282E100E19CB6 /* NetworkError.swift */; };
		75055DFD2202837B00E19CB6 /* String+Extensions.swift in Sources */ = {isa = PBXBuildFile; fileRef = 75055DFC2202837B00E19CB6 /* String+Extensions.swift */; };
		75055E022202844A00E19CB6 /* RepositoriesEndpoint.swift in Sources */ = {isa = PBXBuildFile; fileRef = 75055E012202844A00E19CB6 /* RepositoriesEndpoint.swift */; };
		75055E04220285D600E19CB6 /* RepositoriesService.swift in Sources */ = {isa = PBXBuildFile; fileRef = 75055E03220285D600E19CB6 /* RepositoriesService.swift */; };
		75055E0622028D5300E19CB6 /* RepositorySearch.swift in Sources */ = {isa = PBXBuildFile; fileRef = 75055E0522028D5300E19CB6 /* RepositorySearch.swift */; };
		75055E0822029A3600E19CB6 /* UIImageView+Extensions.swift in Sources */ = {isa = PBXBuildFile; fileRef = 75055E0722029A3600E19CB6 /* UIImageView+Extensions.swift */; };
		75055E0C22029D3C00E19CB6 /* MockedNetworkManager.swift in Sources */ = {isa = PBXBuildFile; fileRef = 75055E0B22029D3C00E19CB6 /* MockedNetworkManager.swift */; };
		75055E0E2202A29B00E19CB6 /* repositories.json in Resources */ = {isa = PBXBuildFile; fileRef = 75055DA722024CB600E19CB6 /* repositories.json */; };
		759BD8F8220207E500A7EA3D /* AppDelegate.swift in Sources */ = {isa = PBXBuildFile; fileRef = 759BD8F7220207E500A7EA3D /* AppDelegate.swift */; };
		759BD8FD220207E500A7EA3D /* Main.storyboard in Resources */ = {isa = PBXBuildFile; fileRef = 759BD8FB220207E500A7EA3D /* Main.storyboard */; };
		759BD900220207E500A7EA3D /* githubsample.xcdatamodeld in Sources */ = {isa = PBXBuildFile; fileRef = 759BD8FE220207E500A7EA3D /* githubsample.xcdatamodeld */; };
		759BD902220207E700A7EA3D /* Assets.xcassets in Resources */ = {isa = PBXBuildFile; fileRef = 759BD901220207E700A7EA3D /* Assets.xcassets */; };
		759BD905220207E700A7EA3D /* LaunchScreen.storyboard in Resources */ = {isa = PBXBuildFile; fileRef = 759BD903220207E700A7EA3D /* LaunchScreen.storyboard */; };
		759BD91B220207E700A7EA3D /* githubsampleUITests.swift in Sources */ = {isa = PBXBuildFile; fileRef = 759BD91A220207E700A7EA3D /* githubsampleUITests.swift */; };
		75B8196822035CF7003C68B3 /* RepositoriesServiceable.swift in Sources */ = {isa = PBXBuildFile; fileRef = 75B8196722035CF7003C68B3 /* RepositoriesServiceable.swift */; };
		75B8196A220383FE003C68B3 /* NetworkEndpointTest.swift in Sources */ = {isa = PBXBuildFile; fileRef = 75B81969220383FE003C68B3 /* NetworkEndpointTest.swift */; };
		B466D7A2AB8847CC0E7CDE49 /* Pods_githubsampleTests.framework in Frameworks */ = {isa = PBXBuildFile; fileRef = 45C8528BE75C3A70F359829D /* Pods_githubsampleTests.framework */; };
		E755A2DA7FE0B8FDB45A038E /* Pods_githubsampleUITests.framework in Frameworks */ = {isa = PBXBuildFile; fileRef = 42FBDB0FE92EA822B844EEEE /* Pods_githubsampleUITests.framework */; };
/* End PBXBuildFile section */

/* Begin PBXContainerItemProxy section */
		759BD90C220207E700A7EA3D /* PBXContainerItemProxy */ = {
			isa = PBXContainerItemProxy;
			containerPortal = 759BD8EC220207E500A7EA3D /* Project object */;
			proxyType = 1;
			remoteGlobalIDString = 759BD8F3220207E500A7EA3D;
			remoteInfo = githubsample;
		};
		759BD917220207E700A7EA3D /* PBXContainerItemProxy */ = {
			isa = PBXContainerItemProxy;
			containerPortal = 759BD8EC220207E500A7EA3D /* Project object */;
			proxyType = 1;
			remoteGlobalIDString = 759BD8F3220207E500A7EA3D;
			remoteInfo = githubsample;
		};
/* End PBXContainerItemProxy section */

/* Begin PBXFileReference section */
		2293C2B6B069A85FCD14F794 /* Pods-githubsampleTests.debug.xcconfig */ = {isa = PBXFileReference; includeInIndex = 1; lastKnownFileType = text.xcconfig; name = "Pods-githubsampleTests.debug.xcconfig"; path = "Pods/Target Support Files/Pods-githubsampleTests/Pods-githubsampleTests.debug.xcconfig"; sourceTree = "<group>"; };
		2683088C221595BC18C43B69 /* Pods_githubsample.framework */ = {isa = PBXFileReference; explicitFileType = wrapper.framework; includeInIndex = 0; path = Pods_githubsample.framework; sourceTree = BUILT_PRODUCTS_DIR; };
		42FBDB0FE92EA822B844EEEE /* Pods_githubsampleUITests.framework */ = {isa = PBXFileReference; explicitFileType = wrapper.framework; includeInIndex = 0; path = Pods_githubsampleUITests.framework; sourceTree = BUILT_PRODUCTS_DIR; };
		45C8528BE75C3A70F359829D /* Pods_githubsampleTests.framework */ = {isa = PBXFileReference; explicitFileType = wrapper.framework; includeInIndex = 0; path = Pods_githubsampleTests.framework; sourceTree = BUILT_PRODUCTS_DIR; };
		596A45472AFB45DCB9C018FE /* Pods-githubsampleUITests.debug.xcconfig */ = {isa = PBXFileReference; includeInIndex = 1; lastKnownFileType = text.xcconfig; name = "Pods-githubsampleUITests.debug.xcconfig"; path = "Pods/Target Support Files/Pods-githubsampleUITests/Pods-githubsampleUITests.debug.xcconfig"; sourceTree = "<group>"; };
		5CF76121F95DE7707BC48E83 /* Pods-githubsampleUITests.release.xcconfig */ = {isa = PBXFileReference; includeInIndex = 1; lastKnownFileType = text.xcconfig; name = "Pods-githubsampleUITests.release.xcconfig"; path = "Pods/Target Support Files/Pods-githubsampleUITests/Pods-githubsampleUITests.release.xcconfig"; sourceTree = "<group>"; };
		5D066717FFAC51A84BFFBA96 /* Pods-githubsampleTests.release.xcconfig */ = {isa = PBXFileReference; includeInIndex = 1; lastKnownFileType = text.xcconfig; name = "Pods-githubsampleTests.release.xcconfig"; path = "Pods/Target Support Files/Pods-githubsampleTests/Pods-githubsampleTests.release.xcconfig"; sourceTree = "<group>"; };
		75055D9D2202437800E19CB6 /* Repository.swift */ = {isa = PBXFileReference; lastKnownFileType = sourcecode.swift; path = Repository.swift; sourceTree = "<group>"; };
		75055D9F2202447000E19CB6 /* Author.swift */ = {isa = PBXFileReference; lastKnownFileType = sourcecode.swift; path = Author.swift; sourceTree = "<group>"; };
		75055DA322024C0000E19CB6 /* ModelsTests.swift */ = {isa = PBXFileReference; lastKnownFileType = sourcecode.swift; path = ModelsTests.swift; sourceTree = "<group>"; };
		75055DA722024CB600E19CB6 /* repositories.json */ = {isa = PBXFileReference; lastKnownFileType = text.json; path = repositories.json; sourceTree = "<group>"; xcLanguageSpecificationIdentifier = xcode.lang.json; };
		75055DAB22024D9100E19CB6 /* RepositoriesViewController.swift */ = {isa = PBXFileReference; lastKnownFileType = sourcecode.swift; path = RepositoriesViewController.swift; sourceTree = "<group>"; };
		75055DAE22024DCD00E19CB6 /* RepositoryDetailViewController.swift */ = {isa = PBXFileReference; lastKnownFileType = sourcecode.swift; path = RepositoryDetailViewController.swift; sourceTree = "<group>"; };
		75055DB122024E0100E19CB6 /* MainCoordinator.swift */ = {isa = PBXFileReference; lastKnownFileType = sourcecode.swift; path = MainCoordinator.swift; sourceTree = "<group>"; };
		75055DB322024E0D00E19CB6 /* Coordinator.swift */ = {isa = PBXFileReference; lastKnownFileType = sourcecode.swift; path = Coordinator.swift; sourceTree = "<group>"; };
		75055DB722024E6700E19CB6 /* ViewConfiguration.swift */ = {isa = PBXFileReference; lastKnownFileType = sourcecode.swift; path = ViewConfiguration.swift; sourceTree = "<group>"; };
		75055DBB22024F0D00E19CB6 /* ViewModelConfigurable.swift */ = {isa = PBXFileReference; lastKnownFileType = sourcecode.swift; path = ViewModelConfigurable.swift; sourceTree = "<group>"; };
		75055DBD22024F7C00E19CB6 /* Layoutable.swift */ = {isa = PBXFileReference; lastKnownFileType = sourcecode.swift; path = Layoutable.swift; sourceTree = "<group>"; };
		75055DC02202559A00E19CB6 /* UIViewController+Extensions.swift */ = {isa = PBXFileReference; lastKnownFileType = sourcecode.swift; path = "UIViewController+Extensions.swift"; sourceTree = "<group>"; };
		75055DC22202561200E19CB6 /* RepositoriesViewModel.swift */ = {isa = PBXFileReference; lastKnownFileType = sourcecode.swift; path = RepositoriesViewModel.swift; sourceTree = "<group>"; };
		75055DC4220256A400E19CB6 /* UIView+Extensions.swift */ = {isa = PBXFileReference; lastKnownFileType = sourcecode.swift; path = "UIView+Extensions.swift"; sourceTree = "<group>"; };
		75055DC9220258B600E19CB6 /* RepositoryTableViewCell.swift */ = {isa = PBXFileReference; lastKnownFileType = sourcecode.swift; path = RepositoryTableViewCell.swift; sourceTree = "<group>"; };
		75055DCB220258E800E19CB6 /* UITableViewCell+Extensions.swift */ = {isa = PBXFileReference; lastKnownFileType = sourcecode.swift; path = "UITableViewCell+Extensions.swift"; sourceTree = "<group>"; };
		75055DD022025F7100E19CB6 /* AuthorView.swift */ = {isa = PBXFileReference; lastKnownFileType = sourcecode.swift; path = AuthorView.swift; sourceTree = "<group>"; };
		75055DD62202613200E19CB6 /* BadgeView.swift */ = {isa = PBXFileReference; lastKnownFileType = sourcecode.swift; path = BadgeView.swift; sourceTree = "<group>"; };
		75055DD822026AEE00E19CB6 /* Reusable.swift */ = {isa = PBXFileReference; lastKnownFileType = sourcecode.swift; path = Reusable.swift; sourceTree = "<group>"; };
		75055DDC22027FDA00E19CB6 /* NetworkManager.swift */ = {isa = PBXFileReference; lastKnownFileType = sourcecode.swift; path = NetworkManager.swift; sourceTree = "<group>"; };
		75055DDF2202802000E19CB6 /* NetworkingManageable.swift */ = {isa = PBXFileReference; lastKnownFileType = sourcecode.swift; path = NetworkingManageable.swift; sourceTree = "<group>"; };
		75055DE12202809500E19CB6 /* NetworkEndpoint.swift */ = {isa = PBXFileReference; lastKnownFileType = sourcecode.swift; path = NetworkEndpoint.swift; sourceTree = "<group>"; };
		75055DE4220280F000E19CB6 /* NetworkMethod.swift */ = {isa = PBXFileReference; lastKnownFileType = sourcecode.swift; path = NetworkMethod.swift; sourceTree = "<group>"; };
		75055DE62202810D00E19CB6 /* NetworkTask.swift */ = {isa = PBXFileReference; lastKnownFileType = sourcecode.swift; path = NetworkTask.swift; sourceTree = "<group>"; };
		75055DE92202815800E19CB6 /* NetworkResult.swift */ = {isa = PBXFileReference; lastKnownFileType = sourcecode.swift; path = NetworkResult.swift; sourceTree = "<group>"; };
		75055DEC2202817B00E19CB6 /* NetworkResultable.swift */ = {isa = PBXFileReference; lastKnownFileType = sourcecode.swift; path = NetworkResultable.swift; sourceTree = "<group>"; };
		75055DEE220281E000E19CB6 /* NetworkResponse.swift */ = {isa = PBXFileReference; lastKnownFileType = sourcecode.swift; path = NetworkResponse.swift; sourceTree = "<group>"; };
		75055DF22202823100E19CB6 /* NetworkManagerAliases.swift */ = {isa = PBXFileReference; lastKnownFileType = sourcecode.swift; path = NetworkManagerAliases.swift; sourceTree = "<group>"; };
		75055DF42202827A00E19CB6 /* ResponseNetworkError.swift */ = {isa = PBXFileReference; lastKnownFileType = sourcecode.swift; path = ResponseNetworkError.swift; sourceTree = "<group>"; };
		75055DF9220282E100E19CB6 /* NetworkError.swift */ = {isa = PBXFileReference; lastKnownFileType = sourcecode.swift; path = NetworkError.swift; sourceTree = "<group>"; };
		75055DFC2202837B00E19CB6 /* String+Extensions.swift */ = {isa = PBXFileReference; lastKnownFileType = sourcecode.swift; path = "String+Extensions.swift"; sourceTree = "<group>"; };
		75055E012202844A00E19CB6 /* RepositoriesEndpoint.swift */ = {isa = PBXFileReference; lastKnownFileType = sourcecode.swift; path = RepositoriesEndpoint.swift; sourceTree = "<group>"; };
		75055E03220285D600E19CB6 /* RepositoriesService.swift */ = {isa = PBXFileReference; lastKnownFileType = sourcecode.swift; path = RepositoriesService.swift; sourceTree = "<group>"; };
		75055E0522028D5300E19CB6 /* RepositorySearch.swift */ = {isa = PBXFileReference; lastKnownFileType = sourcecode.swift; path = RepositorySearch.swift; sourceTree = "<group>"; };
		75055E0722029A3600E19CB6 /* UIImageView+Extensions.swift */ = {isa = PBXFileReference; lastKnownFileType = sourcecode.swift; path = "UIImageView+Extensions.swift"; sourceTree = "<group>"; };
		75055E0B22029D3C00E19CB6 /* MockedNetworkManager.swift */ = {isa = PBXFileReference; lastKnownFileType = sourcecode.swift; path = MockedNetworkManager.swift; sourceTree = "<group>"; };
		759BD8F4220207E500A7EA3D /* githubsample.app */ = {isa = PBXFileReference; explicitFileType = wrapper.application; includeInIndex = 0; path = githubsample.app; sourceTree = BUILT_PRODUCTS_DIR; };
		759BD8F7220207E500A7EA3D /* AppDelegate.swift */ = {isa = PBXFileReference; lastKnownFileType = sourcecode.swift; path = AppDelegate.swift; sourceTree = "<group>"; };
		759BD8FC220207E500A7EA3D /* Base */ = {isa = PBXFileReference; lastKnownFileType = file.storyboard; name = Base; path = Base.lproj/Main.storyboard; sourceTree = "<group>"; };
		759BD8FF220207E500A7EA3D /* githubsample.xcdatamodel */ = {isa = PBXFileReference; lastKnownFileType = wrapper.xcdatamodel; path = githubsample.xcdatamodel; sourceTree = "<group>"; };
		759BD901220207E700A7EA3D /* Assets.xcassets */ = {isa = PBXFileReference; lastKnownFileType = folder.assetcatalog; path = Assets.xcassets; sourceTree = "<group>"; };
		759BD904220207E700A7EA3D /* Base */ = {isa = PBXFileReference; lastKnownFileType = file.storyboard; name = Base; path = Base.lproj/LaunchScreen.storyboard; sourceTree = "<group>"; };
		759BD906220207E700A7EA3D /* Info.plist */ = {isa = PBXFileReference; lastKnownFileType = text.plist.xml; path = Info.plist; sourceTree = "<group>"; };
		759BD90B220207E700A7EA3D /* githubsampleTests.xctest */ = {isa = PBXFileReference; explicitFileType = wrapper.cfbundle; includeInIndex = 0; path = githubsampleTests.xctest; sourceTree = BUILT_PRODUCTS_DIR; };
		759BD911220207E700A7EA3D /* Info.plist */ = {isa = PBXFileReference; lastKnownFileType = text.plist.xml; path = Info.plist; sourceTree = "<group>"; };
		759BD916220207E700A7EA3D /* githubsampleUITests.xctest */ = {isa = PBXFileReference; explicitFileType = wrapper.cfbundle; includeInIndex = 0; path = githubsampleUITests.xctest; sourceTree = BUILT_PRODUCTS_DIR; };
		759BD91A220207E700A7EA3D /* githubsampleUITests.swift */ = {isa = PBXFileReference; lastKnownFileType = sourcecode.swift; path = githubsampleUITests.swift; sourceTree = "<group>"; };
		759BD91C220207E700A7EA3D /* Info.plist */ = {isa = PBXFileReference; lastKnownFileType = text.plist.xml; path = Info.plist; sourceTree = "<group>"; };
		75B8196722035CF7003C68B3 /* RepositoriesServiceable.swift */ = {isa = PBXFileReference; lastKnownFileType = sourcecode.swift; path = RepositoriesServiceable.swift; sourceTree = "<group>"; };
		75B81969220383FE003C68B3 /* NetworkEndpointTest.swift */ = {isa = PBXFileReference; lastKnownFileType = sourcecode.swift; name = NetworkEndpointTest.swift; path = githubsampleTests/NetworkEndpointTest.swift; sourceTree = SOURCE_ROOT; };
		7E187041E0DFBBE8FB6C4691 /* Pods-githubsample.release.xcconfig */ = {isa = PBXFileReference; includeInIndex = 1; lastKnownFileType = text.xcconfig; name = "Pods-githubsample.release.xcconfig"; path = "Pods/Target Support Files/Pods-githubsample/Pods-githubsample.release.xcconfig"; sourceTree = "<group>"; };
		F9BBB74DB9351E96588DA1FC /* Pods-githubsample.debug.xcconfig */ = {isa = PBXFileReference; includeInIndex = 1; lastKnownFileType = text.xcconfig; name = "Pods-githubsample.debug.xcconfig"; path = "Pods/Target Support Files/Pods-githubsample/Pods-githubsample.debug.xcconfig"; sourceTree = "<group>"; };
/* End PBXFileReference section */

/* Begin PBXFrameworksBuildPhase section */
		759BD8F1220207E500A7EA3D /* Frameworks */ = {
			isa = PBXFrameworksBuildPhase;
			buildActionMask = 2147483647;
			files = (
				1B00D525513CF81D818B39C2 /* Pods_githubsample.framework in Frameworks */,
			);
			runOnlyForDeploymentPostprocessing = 0;
		};
		759BD908220207E700A7EA3D /* Frameworks */ = {
			isa = PBXFrameworksBuildPhase;
			buildActionMask = 2147483647;
			files = (
				B466D7A2AB8847CC0E7CDE49 /* Pods_githubsampleTests.framework in Frameworks */,
			);
			runOnlyForDeploymentPostprocessing = 0;
		};
		759BD913220207E700A7EA3D /* Frameworks */ = {
			isa = PBXFrameworksBuildPhase;
			buildActionMask = 2147483647;
			files = (
				E755A2DA7FE0B8FDB45A038E /* Pods_githubsampleUITests.framework in Frameworks */,
			);
			runOnlyForDeploymentPostprocessing = 0;
		};
/* End PBXFrameworksBuildPhase section */

/* Begin PBXGroup section */
		5A5BC0A2ACE1A3BB95F93CAE /* Pods */ = {
			isa = PBXGroup;
			children = (
				F9BBB74DB9351E96588DA1FC /* Pods-githubsample.debug.xcconfig */,
				7E187041E0DFBBE8FB6C4691 /* Pods-githubsample.release.xcconfig */,
				2293C2B6B069A85FCD14F794 /* Pods-githubsampleTests.debug.xcconfig */,
				5D066717FFAC51A84BFFBA96 /* Pods-githubsampleTests.release.xcconfig */,
				596A45472AFB45DCB9C018FE /* Pods-githubsampleUITests.debug.xcconfig */,
				5CF76121F95DE7707BC48E83 /* Pods-githubsampleUITests.release.xcconfig */,
			);
			name = Pods;
			sourceTree = "<group>";
		};
		63E9904F396244789160E375 /* Frameworks */ = {
			isa = PBXGroup;
			children = (
				2683088C221595BC18C43B69 /* Pods_githubsample.framework */,
				45C8528BE75C3A70F359829D /* Pods_githubsampleTests.framework */,
				42FBDB0FE92EA822B844EEEE /* Pods_githubsampleUITests.framework */,
			);
			name = Frameworks;
			sourceTree = "<group>";
		};
		75055D9A2202432D00E19CB6 /* Cells */ = {
			isa = PBXGroup;
			children = (
				75055DC62202586500E19CB6 /* RepositoryCell */,
			);
			path = Cells;
			sourceTree = "<group>";
		};
		75055D9B2202433A00E19CB6 /* Structs */ = {
			isa = PBXGroup;
			children = (
				75055D9D2202437800E19CB6 /* Repository.swift */,
				75055D9F2202447000E19CB6 /* Author.swift */,
				75055E0522028D5300E19CB6 /* RepositorySearch.swift */,
			);
			path = Structs;
			sourceTree = "<group>";
		};
		75055D9C2202434A00E19CB6 /* Models */ = {
			isa = PBXGroup;
			children = (
			);
			path = Models;
			sourceTree = "<group>";
		};
		75055DA922024D0200E19CB6 /* Mock */ = {
			isa = PBXGroup;
			children = (
				75055E0D22029D9F00E19CB6 /* Resources */,
				75055E0A22029D1E00E19CB6 /* Network */,
			);
			path = Mock;
			sourceTree = "<group>";
		};
		75055DAA22024D6800E19CB6 /* RepositoriesViewController */ = {
			isa = PBXGroup;
			children = (
				75055DAB22024D9100E19CB6 /* RepositoriesViewController.swift */,
				75055DC22202561200E19CB6 /* RepositoriesViewModel.swift */,
			);
			path = RepositoriesViewController;
			sourceTree = "<group>";
		};
		75055DAD22024D9F00E19CB6 /* RepositoryDetailViewController */ = {
			isa = PBXGroup;
			children = (
				75055DAE22024DCD00E19CB6 /* RepositoryDetailViewController.swift */,
			);
			path = RepositoryDetailViewController;
			sourceTree = "<group>";
		};
		75055DB022024DEE00E19CB6 /* Coordinators */ = {
			isa = PBXGroup;
			children = (
				75055DB522024E3000E19CB6 /* Protocols */,
				75055DB122024E0100E19CB6 /* MainCoordinator.swift */,
			);
			path = Coordinators;
			sourceTree = "<group>";
		};
		75055DB522024E3000E19CB6 /* Protocols */ = {
			isa = PBXGroup;
			children = (
				75055DB322024E0D00E19CB6 /* Coordinator.swift */,
			);
			path = Protocols;
			sourceTree = "<group>";
		};
		75055DB622024E5700E19CB6 /* View */ = {
			isa = PBXGroup;
			children = (
				75055DB722024E6700E19CB6 /* ViewConfiguration.swift */,
				75055DBB22024F0D00E19CB6 /* ViewModelConfigurable.swift */,
				75055DBD22024F7C00E19CB6 /* Layoutable.swift */,
				75055DD822026AEE00E19CB6 /* Reusable.swift */,
			);
			path = View;
			sourceTree = "<group>";
		};
		75055DBF2202557F00E19CB6 /* Extensions */ = {
			isa = PBXGroup;
			children = (
				75055DC02202559A00E19CB6 /* UIViewController+Extensions.swift */,
				75055DC4220256A400E19CB6 /* UIView+Extensions.swift */,
				75055DCB220258E800E19CB6 /* UITableViewCell+Extensions.swift */,
				75055E0722029A3600E19CB6 /* UIImageView+Extensions.swift */,
			);
			path = Extensions;
			sourceTree = "<group>";
		};
		75055DC62202586500E19CB6 /* RepositoryCell */ = {
			isa = PBXGroup;
			children = (
				75055DC9220258B600E19CB6 /* RepositoryTableViewCell.swift */,
			);
			path = RepositoryCell;
			sourceTree = "<group>";
		};
		75055DCE22025F3400E19CB6 /* Views */ = {
			isa = PBXGroup;
			children = (
				75055DD52202611F00E19CB6 /* BadgeView */,
				75055DCF22025F3B00E19CB6 /* AuthorView */,
			);
			path = Views;
			sourceTree = "<group>";
		};
		75055DCF22025F3B00E19CB6 /* AuthorView */ = {
			isa = PBXGroup;
			children = (
				75055DD022025F7100E19CB6 /* AuthorView.swift */,
			);
			path = AuthorView;
			sourceTree = "<group>";
		};
		75055DD52202611F00E19CB6 /* BadgeView */ = {
			isa = PBXGroup;
			children = (
				75055DD62202613200E19CB6 /* BadgeView.swift */,
			);
			path = BadgeView;
			sourceTree = "<group>";
		};
		75055DDA22027E9A00E19CB6 /* Core */ = {
			isa = PBXGroup;
			children = (
				75055DDB22027EA300E19CB6 /* Network */,
			);
			path = Core;
			sourceTree = "<group>";
		};
		75055DDB22027EA300E19CB6 /* Network */ = {
			isa = PBXGroup;
			children = (
				75055DF02202820200E19CB6 /* Utils */,
				75055DE82202814600E19CB6 /* Result */,
				75055DE3220280D500E19CB6 /* Entities */,
				75055DDE22027FFF00E19CB6 /* Protocols */,
				75055DDC22027FDA00E19CB6 /* NetworkManager.swift */,
			);
			path = Network;
			sourceTree = "<group>";
		};
		75055DDE22027FFF00E19CB6 /* Protocols */ = {
			isa = PBXGroup;
			children = (
				75055DDF2202802000E19CB6 /* NetworkingManageable.swift */,
				75055DE12202809500E19CB6 /* NetworkEndpoint.swift */,
				75055DF9220282E100E19CB6 /* NetworkError.swift */,
			);
			path = Protocols;
			sourceTree = "<group>";
		};
		75055DE3220280D500E19CB6 /* Entities */ = {
			isa = PBXGroup;
			children = (
				75055DF8220282A900E19CB6 /* Errors */,
				75055DF72202829E00E19CB6 /* Structs */,
				75055DF62202828C00E19CB6 /* Enums */,
			);
			path = Entities;
			sourceTree = "<group>";
		};
		75055DE82202814600E19CB6 /* Result */ = {
			isa = PBXGroup;
			children = (
				75055DEB2202816700E19CB6 /* Protocols */,
				75055DE92202815800E19CB6 /* NetworkResult.swift */,
			);
			path = Result;
			sourceTree = "<group>";
		};
		75055DEB2202816700E19CB6 /* Protocols */ = {
			isa = PBXGroup;
			children = (
				75055DEC2202817B00E19CB6 /* NetworkResultable.swift */,
			);
			path = Protocols;
			sourceTree = "<group>";
		};
		75055DF02202820200E19CB6 /* Utils */ = {
			isa = PBXGroup;
			children = (
				75055DFB2202835600E19CB6 /* Extensions */,
				75055DF12202821C00E19CB6 /* Aliases */,
			);
			path = Utils;
			sourceTree = "<group>";
		};
		75055DF12202821C00E19CB6 /* Aliases */ = {
			isa = PBXGroup;
			children = (
				75055DF22202823100E19CB6 /* NetworkManagerAliases.swift */,
			);
			path = Aliases;
			sourceTree = "<group>";
		};
		75055DF62202828C00E19CB6 /* Enums */ = {
			isa = PBXGroup;
			children = (
				75055DE4220280F000E19CB6 /* NetworkMethod.swift */,
				75055DE62202810D00E19CB6 /* NetworkTask.swift */,
			);
			path = Enums;
			sourceTree = "<group>";
		};
		75055DF72202829E00E19CB6 /* Structs */ = {
			isa = PBXGroup;
			children = (
				75055DEE220281E000E19CB6 /* NetworkResponse.swift */,
			);
			path = Structs;
			sourceTree = "<group>";
		};
		75055DF8220282A900E19CB6 /* Errors */ = {
			isa = PBXGroup;
			children = (
				75055DF42202827A00E19CB6 /* ResponseNetworkError.swift */,
			);
			path = Errors;
			sourceTree = "<group>";
		};
		75055DFB2202835600E19CB6 /* Extensions */ = {
			isa = PBXGroup;
			children = (
				75055DFC2202837B00E19CB6 /* String+Extensions.swift */,
			);
			path = Extensions;
			sourceTree = "<group>";
		};
		75055DFE2202841900E19CB6 /* Service */ = {
			isa = PBXGroup;
			children = (
				75055DFF2202842200E19CB6 /* Github */,
			);
			path = Service;
			sourceTree = "<group>";
		};
		75055DFF2202842200E19CB6 /* Github */ = {
			isa = PBXGroup;
			children = (
				75055E002202843700E19CB6 /* Repositories */,
			);
			path = Github;
			sourceTree = "<group>";
		};
		75055E002202843700E19CB6 /* Repositories */ = {
			isa = PBXGroup;
			children = (
				75055E012202844A00E19CB6 /* RepositoriesEndpoint.swift */,
				75055E03220285D600E19CB6 /* RepositoriesService.swift */,
				75B8196722035CF7003C68B3 /* RepositoriesServiceable.swift */,
			);
			path = Repositories;
			sourceTree = "<group>";
		};
		75055E0A22029D1E00E19CB6 /* Network */ = {
			isa = PBXGroup;
			children = (
				75055E0B22029D3C00E19CB6 /* MockedNetworkManager.swift */,
			);
			path = Network;
			sourceTree = "<group>";
		};
		75055E0D22029D9F00E19CB6 /* Resources */ = {
			isa = PBXGroup;
			children = (
				75055DA722024CB600E19CB6 /* repositories.json */,
			);
			path = Resources;
			sourceTree = "<group>";
		};
		75065E342202200500C15581 /* Protocols */ = {
			isa = PBXGroup;
			children = (
				75055DB622024E5700E19CB6 /* View */,
			);
			path = Protocols;
			sourceTree = "<group>";
		};
		75065E352202200E00C15581 /* Entities */ = {
			isa = PBXGroup;
			children = (
				75055D9C2202434A00E19CB6 /* Models */,
				75055D9B2202433A00E19CB6 /* Structs */,
			);
			path = Entities;
			sourceTree = "<group>";
		};
		75065E362202201500C15581 /* ViewControllers */ = {
			isa = PBXGroup;
			children = (
				75055DAD22024D9F00E19CB6 /* RepositoryDetailViewController */,
				75055DAA22024D6800E19CB6 /* RepositoriesViewController */,
			);
			path = ViewControllers;
			sourceTree = "<group>";
		};
		759BD8EB220207E500A7EA3D = {
			isa = PBXGroup;
			children = (
				759BD8F6220207E500A7EA3D /* githubsample */,
				759BD90E220207E700A7EA3D /* githubsampleTests */,
				759BD919220207E700A7EA3D /* githubsampleUITests */,
				759BD8F5220207E500A7EA3D /* Products */,
				5A5BC0A2ACE1A3BB95F93CAE /* Pods */,
				63E9904F396244789160E375 /* Frameworks */,
			);
			sourceTree = "<group>";
		};
		759BD8F5220207E500A7EA3D /* Products */ = {
			isa = PBXGroup;
			children = (
				759BD8F4220207E500A7EA3D /* githubsample.app */,
				759BD90B220207E700A7EA3D /* githubsampleTests.xctest */,
				759BD916220207E700A7EA3D /* githubsampleUITests.xctest */,
			);
			name = Products;
			sourceTree = "<group>";
		};
		759BD8F6220207E500A7EA3D /* githubsample */ = {
			isa = PBXGroup;
			children = (
				75055DFE2202841900E19CB6 /* Service */,
				75055DDA22027E9A00E19CB6 /* Core */,
				75055DCE22025F3400E19CB6 /* Views */,
				75055DBF2202557F00E19CB6 /* Extensions */,
				75055DB022024DEE00E19CB6 /* Coordinators */,
				75055D9A2202432D00E19CB6 /* Cells */,
				75065E362202201500C15581 /* ViewControllers */,
				75065E352202200E00C15581 /* Entities */,
				75065E342202200500C15581 /* Protocols */,
				759BD8F7220207E500A7EA3D /* AppDelegate.swift */,
				759BD8FB220207E500A7EA3D /* Main.storyboard */,
				759BD901220207E700A7EA3D /* Assets.xcassets */,
				759BD903220207E700A7EA3D /* LaunchScreen.storyboard */,
				759BD906220207E700A7EA3D /* Info.plist */,
				759BD8FE220207E500A7EA3D /* githubsample.xcdatamodeld */,
			);
			path = githubsample;
			sourceTree = "<group>";
		};
		759BD90E220207E700A7EA3D /* githubsampleTests */ = {
			isa = PBXGroup;
			children = (
				75055DA922024D0200E19CB6 /* Mock */,
				759BD911220207E700A7EA3D /* Info.plist */,
				75055DA322024C0000E19CB6 /* ModelsTests.swift */,
				75B81969220383FE003C68B3 /* NetworkEndpointTest.swift */,
			);
			path = githubsampleTests;
			sourceTree = "<group>";
		};
		759BD919220207E700A7EA3D /* githubsampleUITests */ = {
			isa = PBXGroup;
			children = (
				759BD91A220207E700A7EA3D /* githubsampleUITests.swift */,
				759BD91C220207E700A7EA3D /* Info.plist */,
			);
			path = githubsampleUITests;
			sourceTree = "<group>";
		};
/* End PBXGroup section */

/* Begin PBXNativeTarget section */
		759BD8F3220207E500A7EA3D /* githubsample */ = {
			isa = PBXNativeTarget;
			buildConfigurationList = 759BD91F220207E700A7EA3D /* Build configuration list for PBXNativeTarget "githubsample" */;
			buildPhases = (
				88AABAF0EF7EBBBC559CAE5D /* [CP] Check Pods Manifest.lock */,
				759BD8F0220207E500A7EA3D /* Sources */,
				759BD8F1220207E500A7EA3D /* Frameworks */,
				759BD8F2220207E500A7EA3D /* Resources */,
			);
			buildRules = (
			);
			dependencies = (
			);
			name = githubsample;
			productName = githubsample;
			productReference = 759BD8F4220207E500A7EA3D /* githubsample.app */;
			productType = "com.apple.product-type.application";
		};
		759BD90A220207E700A7EA3D /* githubsampleTests */ = {
			isa = PBXNativeTarget;
			buildConfigurationList = 759BD922220207E700A7EA3D /* Build configuration list for PBXNativeTarget "githubsampleTests" */;
			buildPhases = (
				4C19FD808C20B56850FF71EA /* [CP] Check Pods Manifest.lock */,
				759BD907220207E700A7EA3D /* Sources */,
				759BD908220207E700A7EA3D /* Frameworks */,
				759BD909220207E700A7EA3D /* Resources */,
				FD23F840422DE1B3D0F4EB07 /* [CP] Embed Pods Frameworks */,
			);
			buildRules = (
			);
			dependencies = (
				759BD90D220207E700A7EA3D /* PBXTargetDependency */,
			);
			name = githubsampleTests;
			productName = githubsampleTests;
			productReference = 759BD90B220207E700A7EA3D /* githubsampleTests.xctest */;
			productType = "com.apple.product-type.bundle.unit-test";
		};
		759BD915220207E700A7EA3D /* githubsampleUITests */ = {
			isa = PBXNativeTarget;
			buildConfigurationList = 759BD925220207E700A7EA3D /* Build configuration list for PBXNativeTarget "githubsampleUITests" */;
			buildPhases = (
				8257296DF342BB6F168DD21F /* [CP] Check Pods Manifest.lock */,
				759BD912220207E700A7EA3D /* Sources */,
				759BD913220207E700A7EA3D /* Frameworks */,
				759BD914220207E700A7EA3D /* Resources */,
			);
			buildRules = (
			);
			dependencies = (
				759BD918220207E700A7EA3D /* PBXTargetDependency */,
			);
			name = githubsampleUITests;
			productName = githubsampleUITests;
			productReference = 759BD916220207E700A7EA3D /* githubsampleUITests.xctest */;
			productType = "com.apple.product-type.bundle.ui-testing";
		};
/* End PBXNativeTarget section */

/* Begin PBXProject section */
		759BD8EC220207E500A7EA3D /* Project object */ = {
			isa = PBXProject;
			attributes = {
				LastSwiftUpdateCheck = 1010;
				LastUpgradeCheck = 1010;
				ORGANIZATIONNAME = "Felipe Antonio Cardoso";
				TargetAttributes = {
					759BD8F3220207E500A7EA3D = {
						CreatedOnToolsVersion = 10.1;
					};
					759BD90A220207E700A7EA3D = {
						CreatedOnToolsVersion = 10.1;
						TestTargetID = 759BD8F3220207E500A7EA3D;
					};
					759BD915220207E700A7EA3D = {
						CreatedOnToolsVersion = 10.1;
						TestTargetID = 759BD8F3220207E500A7EA3D;
					};
				};
			};
			buildConfigurationList = 759BD8EF220207E500A7EA3D /* Build configuration list for PBXProject "githubsample" */;
			compatibilityVersion = "Xcode 9.3";
			developmentRegion = en;
			hasScannedForEncodings = 0;
			knownRegions = (
				en,
				Base,
			);
			mainGroup = 759BD8EB220207E500A7EA3D;
			productRefGroup = 759BD8F5220207E500A7EA3D /* Products */;
			projectDirPath = "";
			projectRoot = "";
			targets = (
				759BD8F3220207E500A7EA3D /* githubsample */,
				759BD90A220207E700A7EA3D /* githubsampleTests */,
				759BD915220207E700A7EA3D /* githubsampleUITests */,
			);
		};
/* End PBXProject section */

/* Begin PBXResourcesBuildPhase section */
		759BD8F2220207E500A7EA3D /* Resources */ = {
			isa = PBXResourcesBuildPhase;
			buildActionMask = 2147483647;
			files = (
				759BD905220207E700A7EA3D /* LaunchScreen.storyboard in Resources */,
				759BD902220207E700A7EA3D /* Assets.xcassets in Resources */,
				759BD8FD220207E500A7EA3D /* Main.storyboard in Resources */,
			);
			runOnlyForDeploymentPostprocessing = 0;
		};
		759BD909220207E700A7EA3D /* Resources */ = {
			isa = PBXResourcesBuildPhase;
			buildActionMask = 2147483647;
			files = (
				75055E0E2202A29B00E19CB6 /* repositories.json in Resources */,
			);
			runOnlyForDeploymentPostprocessing = 0;
		};
		759BD914220207E700A7EA3D /* Resources */ = {
			isa = PBXResourcesBuildPhase;
			buildActionMask = 2147483647;
			files = (
			);
			runOnlyForDeploymentPostprocessing = 0;
		};
/* End PBXResourcesBuildPhase section */

/* Begin PBXShellScriptBuildPhase section */
		4C19FD808C20B56850FF71EA /* [CP] Check Pods Manifest.lock */ = {
			isa = PBXShellScriptBuildPhase;
			buildActionMask = 2147483647;
			files = (
			);
			inputFileListPaths = (
			);
			inputPaths = (
				"${PODS_PODFILE_DIR_PATH}/Podfile.lock",
				"${PODS_ROOT}/Manifest.lock",
			);
			name = "[CP] Check Pods Manifest.lock";
			outputFileListPaths = (
			);
			outputPaths = (
				"$(DERIVED_FILE_DIR)/Pods-githubsampleTests-checkManifestLockResult.txt",
			);
			runOnlyForDeploymentPostprocessing = 0;
			shellPath = /bin/sh;
			shellScript = "diff \"${PODS_PODFILE_DIR_PATH}/Podfile.lock\" \"${PODS_ROOT}/Manifest.lock\" > /dev/null\nif [ $? != 0 ] ; then\n    # print error to STDERR\n    echo \"error: The sandbox is not in sync with the Podfile.lock. Run 'pod install' or update your CocoaPods installation.\" >&2\n    exit 1\nfi\n# This output is used by Xcode 'outputs' to avoid re-running this script phase.\necho \"SUCCESS\" > \"${SCRIPT_OUTPUT_FILE_0}\"\n";
			showEnvVarsInLog = 0;
		};
		8257296DF342BB6F168DD21F /* [CP] Check Pods Manifest.lock */ = {
			isa = PBXShellScriptBuildPhase;
			buildActionMask = 2147483647;
			files = (
			);
			inputFileListPaths = (
			);
			inputPaths = (
				"${PODS_PODFILE_DIR_PATH}/Podfile.lock",
				"${PODS_ROOT}/Manifest.lock",
			);
			name = "[CP] Check Pods Manifest.lock";
			outputFileListPaths = (
			);
			outputPaths = (
				"$(DERIVED_FILE_DIR)/Pods-githubsampleUITests-checkManifestLockResult.txt",
			);
			runOnlyForDeploymentPostprocessing = 0;
			shellPath = /bin/sh;
			shellScript = "diff \"${PODS_PODFILE_DIR_PATH}/Podfile.lock\" \"${PODS_ROOT}/Manifest.lock\" > /dev/null\nif [ $? != 0 ] ; then\n    # print error to STDERR\n    echo \"error: The sandbox is not in sync with the Podfile.lock. Run 'pod install' or update your CocoaPods installation.\" >&2\n    exit 1\nfi\n# This output is used by Xcode 'outputs' to avoid re-running this script phase.\necho \"SUCCESS\" > \"${SCRIPT_OUTPUT_FILE_0}\"\n";
			showEnvVarsInLog = 0;
		};
		88AABAF0EF7EBBBC559CAE5D /* [CP] Check Pods Manifest.lock */ = {
			isa = PBXShellScriptBuildPhase;
			buildActionMask = 2147483647;
			files = (
			);
			inputFileListPaths = (
			);
			inputPaths = (
				"${PODS_PODFILE_DIR_PATH}/Podfile.lock",
				"${PODS_ROOT}/Manifest.lock",
			);
			name = "[CP] Check Pods Manifest.lock";
			outputFileListPaths = (
			);
			outputPaths = (
				"$(DERIVED_FILE_DIR)/Pods-githubsample-checkManifestLockResult.txt",
			);
			runOnlyForDeploymentPostprocessing = 0;
			shellPath = /bin/sh;
			shellScript = "diff \"${PODS_PODFILE_DIR_PATH}/Podfile.lock\" \"${PODS_ROOT}/Manifest.lock\" > /dev/null\nif [ $? != 0 ] ; then\n    # print error to STDERR\n    echo \"error: The sandbox is not in sync with the Podfile.lock. Run 'pod install' or update your CocoaPods installation.\" >&2\n    exit 1\nfi\n# This output is used by Xcode 'outputs' to avoid re-running this script phase.\necho \"SUCCESS\" > \"${SCRIPT_OUTPUT_FILE_0}\"\n";
			showEnvVarsInLog = 0;
		};
		FD23F840422DE1B3D0F4EB07 /* [CP] Embed Pods Frameworks */ = {
			isa = PBXShellScriptBuildPhase;
			buildActionMask = 2147483647;
			files = (
			);
			inputFileListPaths = (
			);
			inputPaths = (
				"${SRCROOT}/Pods/Target Support Files/Pods-githubsampleTests/Pods-githubsampleTests-frameworks.sh",
				"${BUILT_PRODUCTS_DIR}/Nimble/Nimble.framework",
				"${BUILT_PRODUCTS_DIR}/Quick/Quick.framework",
			);
			name = "[CP] Embed Pods Frameworks";
			outputFileListPaths = (
			);
			outputPaths = (
				"${TARGET_BUILD_DIR}/${FRAMEWORKS_FOLDER_PATH}/Nimble.framework",
				"${TARGET_BUILD_DIR}/${FRAMEWORKS_FOLDER_PATH}/Quick.framework",
			);
			runOnlyForDeploymentPostprocessing = 0;
			shellPath = /bin/sh;
			shellScript = "\"${SRCROOT}/Pods/Target Support Files/Pods-githubsampleTests/Pods-githubsampleTests-frameworks.sh\"\n";
			showEnvVarsInLog = 0;
		};
/* End PBXShellScriptBuildPhase section */

/* Begin PBXSourcesBuildPhase section */
		759BD8F0220207E500A7EA3D /* Sources */ = {
			isa = PBXSourcesBuildPhase;
			buildActionMask = 2147483647;
			files = (
				75055DC5220256A400E19CB6 /* UIView+Extensions.swift in Sources */,
				75B8196822035CF7003C68B3 /* RepositoriesServiceable.swift in Sources */,
				75055DE72202810D00E19CB6 /* NetworkTask.swift in Sources */,
				75055DEA2202815800E19CB6 /* NetworkResult.swift in Sources */,
				75055DB822024E6700E19CB6 /* ViewConfiguration.swift in Sources */,
				75055DE02202802000E19CB6 /* NetworkingManageable.swift in Sources */,
				75055DB422024E0D00E19CB6 /* Coordinator.swift in Sources */,
				75055DCA220258B600E19CB6 /* RepositoryTableViewCell.swift in Sources */,
				75055E04220285D600E19CB6 /* RepositoriesService.swift in Sources */,
				75055DA02202447000E19CB6 /* Author.swift in Sources */,
				75055DB222024E0100E19CB6 /* MainCoordinator.swift in Sources */,
				75055DFA220282E100E19CB6 /* NetworkError.swift in Sources */,
				75055DD72202613200E19CB6 /* BadgeView.swift in Sources */,
				75055DC12202559A00E19CB6 /* UIViewController+Extensions.swift in Sources */,
				75055DAF22024DCD00E19CB6 /* RepositoryDetailViewController.swift in Sources */,
				75055DAC22024D9100E19CB6 /* RepositoriesViewController.swift in Sources */,
				75055E0822029A3600E19CB6 /* UIImageView+Extensions.swift in Sources */,
				75055E0622028D5300E19CB6 /* RepositorySearch.swift in Sources */,
				75055DC32202561200E19CB6 /* RepositoriesViewModel.swift in Sources */,
				759BD900220207E500A7EA3D /* githubsample.xcdatamodeld in Sources */,
				75055DDD22027FDA00E19CB6 /* NetworkManager.swift in Sources */,
				75055DBC22024F0D00E19CB6 /* ViewModelConfigurable.swift in Sources */,
				75055E022202844A00E19CB6 /* RepositoriesEndpoint.swift in Sources */,
				75055DF32202823100E19CB6 /* NetworkManagerAliases.swift in Sources */,
				75055DE5220280F000E19CB6 /* NetworkMethod.swift in Sources */,
				759BD8F8220207E500A7EA3D /* AppDelegate.swift in Sources */,
				75055DBE22024F7C00E19CB6 /* Layoutable.swift in Sources */,
				75055DF52202827A00E19CB6 /* ResponseNetworkError.swift in Sources */,
				75055DD122025F7100E19CB6 /* AuthorView.swift in Sources */,
				75055DD922026AEE00E19CB6 /* Reusable.swift in Sources */,
				75055DE22202809500E19CB6 /* NetworkEndpoint.swift in Sources */,
				75055DEF220281E000E19CB6 /* NetworkResponse.swift in Sources */,
				75055DCC220258E800E19CB6 /* UITableViewCell+Extensions.swift in Sources */,
				75055DFD2202837B00E19CB6 /* String+Extensions.swift in Sources */,
				75055D9E2202437800E19CB6 /* Repository.swift in Sources */,
				75055DED2202817B00E19CB6 /* NetworkResultable.swift in Sources */,
			);
			runOnlyForDeploymentPostprocessing = 0;
		};
		759BD907220207E700A7EA3D /* Sources */ = {
			isa = PBXSourcesBuildPhase;
			buildActionMask = 2147483647;
			files = (
				75055E0C22029D3C00E19CB6 /* MockedNetworkManager.swift in Sources */,
				75B8196A220383FE003C68B3 /* NetworkEndpointTest.swift in Sources */,
				75055DA422024C0000E19CB6 /* ModelsTests.swift in Sources */,
			);
			runOnlyForDeploymentPostprocessing = 0;
		};
		759BD912220207E700A7EA3D /* Sources */ = {
			isa = PBXSourcesBuildPhase;
			buildActionMask = 2147483647;
			files = (
				759BD91B220207E700A7EA3D /* githubsampleUITests.swift in Sources */,
			);
			runOnlyForDeploymentPostprocessing = 0;
		};
/* End PBXSourcesBuildPhase section */

/* Begin PBXTargetDependency section */
		759BD90D220207E700A7EA3D /* PBXTargetDependency */ = {
			isa = PBXTargetDependency;
			target = 759BD8F3220207E500A7EA3D /* githubsample */;
			targetProxy = 759BD90C220207E700A7EA3D /* PBXContainerItemProxy */;
		};
		759BD918220207E700A7EA3D /* PBXTargetDependency */ = {
			isa = PBXTargetDependency;
			target = 759BD8F3220207E500A7EA3D /* githubsample */;
			targetProxy = 759BD917220207E700A7EA3D /* PBXContainerItemProxy */;
		};
/* End PBXTargetDependency section */

/* Begin PBXVariantGroup section */
		759BD8FB220207E500A7EA3D /* Main.storyboard */ = {
			isa = PBXVariantGroup;
			children = (
				759BD8FC220207E500A7EA3D /* Base */,
			);
			name = Main.storyboard;
			sourceTree = "<group>";
		};
		759BD903220207E700A7EA3D /* LaunchScreen.storyboard */ = {
			isa = PBXVariantGroup;
			children = (
				759BD904220207E700A7EA3D /* Base */,
			);
			name = LaunchScreen.storyboard;
			sourceTree = "<group>";
		};
/* End PBXVariantGroup section */

/* Begin XCBuildConfiguration section */
		759BD91D220207E700A7EA3D /* Debug */ = {
			isa = XCBuildConfiguration;
			buildSettings = {
				ALWAYS_SEARCH_USER_PATHS = NO;
				CLANG_ANALYZER_NONNULL = YES;
				CLANG_ANALYZER_NUMBER_OBJECT_CONVERSION = YES_AGGRESSIVE;
				CLANG_CXX_LANGUAGE_STANDARD = "gnu++14";
				CLANG_CXX_LIBRARY = "libc++";
				CLANG_ENABLE_MODULES = YES;
				CLANG_ENABLE_OBJC_ARC = YES;
				CLANG_ENABLE_OBJC_WEAK = YES;
				CLANG_WARN_BLOCK_CAPTURE_AUTORELEASING = YES;
				CLANG_WARN_BOOL_CONVERSION = YES;
				CLANG_WARN_COMMA = YES;
				CLANG_WARN_CONSTANT_CONVERSION = YES;
				CLANG_WARN_DEPRECATED_OBJC_IMPLEMENTATIONS = YES;
				CLANG_WARN_DIRECT_OBJC_ISA_USAGE = YES_ERROR;
				CLANG_WARN_DOCUMENTATION_COMMENTS = YES;
				CLANG_WARN_EMPTY_BODY = YES;
				CLANG_WARN_ENUM_CONVERSION = YES;
				CLANG_WARN_INFINITE_RECURSION = YES;
				CLANG_WARN_INT_CONVERSION = YES;
				CLANG_WARN_NON_LITERAL_NULL_CONVERSION = YES;
				CLANG_WARN_OBJC_IMPLICIT_RETAIN_SELF = YES;
				CLANG_WARN_OBJC_LITERAL_CONVERSION = YES;
				CLANG_WARN_OBJC_ROOT_CLASS = YES_ERROR;
				CLANG_WARN_RANGE_LOOP_ANALYSIS = YES;
				CLANG_WARN_STRICT_PROTOTYPES = YES;
				CLANG_WARN_SUSPICIOUS_MOVE = YES;
				CLANG_WARN_UNGUARDED_AVAILABILITY = YES_AGGRESSIVE;
				CLANG_WARN_UNREACHABLE_CODE = YES;
				CLANG_WARN__DUPLICATE_METHOD_MATCH = YES;
				CODE_SIGN_IDENTITY = "iPhone Developer";
				COPY_PHASE_STRIP = NO;
				DEBUG_INFORMATION_FORMAT = dwarf;
				ENABLE_STRICT_OBJC_MSGSEND = YES;
				ENABLE_TESTABILITY = YES;
				GCC_C_LANGUAGE_STANDARD = gnu11;
				GCC_DYNAMIC_NO_PIC = NO;
				GCC_NO_COMMON_BLOCKS = YES;
				GCC_OPTIMIZATION_LEVEL = 0;
				GCC_PREPROCESSOR_DEFINITIONS = (
					"DEBUG=1",
					"$(inherited)",
				);
				GCC_WARN_64_TO_32_BIT_CONVERSION = YES;
				GCC_WARN_ABOUT_RETURN_TYPE = YES_ERROR;
				GCC_WARN_UNDECLARED_SELECTOR = YES;
				GCC_WARN_UNINITIALIZED_AUTOS = YES_AGGRESSIVE;
				GCC_WARN_UNUSED_FUNCTION = YES;
				GCC_WARN_UNUSED_VARIABLE = YES;
				IPHONEOS_DEPLOYMENT_TARGET = 12.1;
				MTL_ENABLE_DEBUG_INFO = INCLUDE_SOURCE;
				MTL_FAST_MATH = YES;
				ONLY_ACTIVE_ARCH = YES;
				SDKROOT = iphoneos;
				SWIFT_ACTIVE_COMPILATION_CONDITIONS = DEBUG;
				SWIFT_OPTIMIZATION_LEVEL = "-Onone";
			};
			name = Debug;
		};
		759BD91E220207E700A7EA3D /* Release */ = {
			isa = XCBuildConfiguration;
			buildSettings = {
				ALWAYS_SEARCH_USER_PATHS = NO;
				CLANG_ANALYZER_NONNULL = YES;
				CLANG_ANALYZER_NUMBER_OBJECT_CONVERSION = YES_AGGRESSIVE;
				CLANG_CXX_LANGUAGE_STANDARD = "gnu++14";
				CLANG_CXX_LIBRARY = "libc++";
				CLANG_ENABLE_MODULES = YES;
				CLANG_ENABLE_OBJC_ARC = YES;
				CLANG_ENABLE_OBJC_WEAK = YES;
				CLANG_WARN_BLOCK_CAPTURE_AUTORELEASING = YES;
				CLANG_WARN_BOOL_CONVERSION = YES;
				CLANG_WARN_COMMA = YES;
				CLANG_WARN_CONSTANT_CONVERSION = YES;
				CLANG_WARN_DEPRECATED_OBJC_IMPLEMENTATIONS = YES;
				CLANG_WARN_DIRECT_OBJC_ISA_USAGE = YES_ERROR;
				CLANG_WARN_DOCUMENTATION_COMMENTS = YES;
				CLANG_WARN_EMPTY_BODY = YES;
				CLANG_WARN_ENUM_CONVERSION = YES;
				CLANG_WARN_INFINITE_RECURSION = YES;
				CLANG_WARN_INT_CONVERSION = YES;
				CLANG_WARN_NON_LITERAL_NULL_CONVERSION = YES;
				CLANG_WARN_OBJC_IMPLICIT_RETAIN_SELF = YES;
				CLANG_WARN_OBJC_LITERAL_CONVERSION = YES;
				CLANG_WARN_OBJC_ROOT_CLASS = YES_ERROR;
				CLANG_WARN_RANGE_LOOP_ANALYSIS = YES;
				CLANG_WARN_STRICT_PROTOTYPES = YES;
				CLANG_WARN_SUSPICIOUS_MOVE = YES;
				CLANG_WARN_UNGUARDED_AVAILABILITY = YES_AGGRESSIVE;
				CLANG_WARN_UNREACHABLE_CODE = YES;
				CLANG_WARN__DUPLICATE_METHOD_MATCH = YES;
				CODE_SIGN_IDENTITY = "iPhone Developer";
				COPY_PHASE_STRIP = NO;
				DEBUG_INFORMATION_FORMAT = "dwarf-with-dsym";
				ENABLE_NS_ASSERTIONS = NO;
				ENABLE_STRICT_OBJC_MSGSEND = YES;
				GCC_C_LANGUAGE_STANDARD = gnu11;
				GCC_NO_COMMON_BLOCKS = YES;
				GCC_WARN_64_TO_32_BIT_CONVERSION = YES;
				GCC_WARN_ABOUT_RETURN_TYPE = YES_ERROR;
				GCC_WARN_UNDECLARED_SELECTOR = YES;
				GCC_WARN_UNINITIALIZED_AUTOS = YES_AGGRESSIVE;
				GCC_WARN_UNUSED_FUNCTION = YES;
				GCC_WARN_UNUSED_VARIABLE = YES;
				IPHONEOS_DEPLOYMENT_TARGET = 12.1;
				MTL_ENABLE_DEBUG_INFO = NO;
				MTL_FAST_MATH = YES;
				SDKROOT = iphoneos;
				SWIFT_COMPILATION_MODE = wholemodule;
				SWIFT_OPTIMIZATION_LEVEL = "-O";
				VALIDATE_PRODUCT = YES;
			};
			name = Release;
		};
		759BD920220207E700A7EA3D /* Debug */ = {
			isa = XCBuildConfiguration;
			baseConfigurationReference = F9BBB74DB9351E96588DA1FC /* Pods-githubsample.debug.xcconfig */;
			buildSettings = {
				ASSETCATALOG_COMPILER_APPICON_NAME = AppIcon;
				CODE_SIGN_STYLE = Automatic;
				DEVELOPMENT_TEAM = 6S2QHFGTQK;
				INFOPLIST_FILE = githubsample/Info.plist;
				LD_RUNPATH_SEARCH_PATHS = (
					"$(inherited)",
					"@executable_path/Frameworks",
				);
				PRODUCT_BUNDLE_IDENTIFIER = br.com.felipeantoniocardoso.githubsample;
				PRODUCT_NAME = "$(TARGET_NAME)";
				SWIFT_VERSION = 4.2;
				TARGETED_DEVICE_FAMILY = "1,2";
			};
			name = Debug;
		};
		759BD921220207E700A7EA3D /* Release */ = {
			isa = XCBuildConfiguration;
			baseConfigurationReference = 7E187041E0DFBBE8FB6C4691 /* Pods-githubsample.release.xcconfig */;
			buildSettings = {
				ASSETCATALOG_COMPILER_APPICON_NAME = AppIcon;
				CODE_SIGN_STYLE = Automatic;
				DEVELOPMENT_TEAM = 6S2QHFGTQK;
				INFOPLIST_FILE = githubsample/Info.plist;
				LD_RUNPATH_SEARCH_PATHS = (
					"$(inherited)",
					"@executable_path/Frameworks",
				);
				PRODUCT_BUNDLE_IDENTIFIER = br.com.felipeantoniocardoso.githubsample;
				PRODUCT_NAME = "$(TARGET_NAME)";
				SWIFT_VERSION = 4.2;
				TARGETED_DEVICE_FAMILY = "1,2";
			};
			name = Release;
		};
		759BD923220207E700A7EA3D /* Debug */ = {
			isa = XCBuildConfiguration;
			baseConfigurationReference = 2293C2B6B069A85FCD14F794 /* Pods-githubsampleTests.debug.xcconfig */;
			buildSettings = {
				ALWAYS_EMBED_SWIFT_STANDARD_LIBRARIES = YES;
				BUNDLE_LOADER = "$(TEST_HOST)";
				CODE_SIGN_STYLE = Automatic;
				DEVELOPMENT_TEAM = 6S2QHFGTQK;
				INFOPLIST_FILE = githubsampleTests/Info.plist;
				LD_RUNPATH_SEARCH_PATHS = (
					"$(inherited)",
					"@executable_path/Frameworks",
					"@loader_path/Frameworks",
				);
				PRODUCT_BUNDLE_IDENTIFIER = br.com.felipeantoniocardoso.githubsampleTests;
				PRODUCT_NAME = "$(TARGET_NAME)";
				SWIFT_VERSION = 4.2;
				TARGETED_DEVICE_FAMILY = "1,2";
				TEST_HOST = "$(BUILT_PRODUCTS_DIR)/githubsample.app/githubsample";
			};
			name = Debug;
		};
		759BD924220207E700A7EA3D /* Release */ = {
			isa = XCBuildConfiguration;
			baseConfigurationReference = 5D066717FFAC51A84BFFBA96 /* Pods-githubsampleTests.release.xcconfig */;
			buildSettings = {
				ALWAYS_EMBED_SWIFT_STANDARD_LIBRARIES = YES;
				BUNDLE_LOADER = "$(TEST_HOST)";
				CODE_SIGN_STYLE = Automatic;
				DEVELOPMENT_TEAM = 6S2QHFGTQK;
				INFOPLIST_FILE = githubsampleTests/Info.plist;
				LD_RUNPATH_SEARCH_PATHS = (
					"$(inherited)",
					"@executable_path/Frameworks",
					"@loader_path/Frameworks",
				);
				PRODUCT_BUNDLE_IDENTIFIER = br.com.felipeantoniocardoso.githubsampleTests;
				PRODUCT_NAME = "$(TARGET_NAME)";
				SWIFT_VERSION = 4.2;
				TARGETED_DEVICE_FAMILY = "1,2";
				TEST_HOST = "$(BUILT_PRODUCTS_DIR)/githubsample.app/githubsample";
			};
			name = Release;
		};
		759BD926220207E700A7EA3D /* Debug */ = {
			isa = XCBuildConfiguration;
			baseConfigurationReference = 596A45472AFB45DCB9C018FE /* Pods-githubsampleUITests.debug.xcconfig */;
			buildSettings = {
				ALWAYS_EMBED_SWIFT_STANDARD_LIBRARIES = YES;
				CODE_SIGN_STYLE = Automatic;
				DEVELOPMENT_TEAM = 6S2QHFGTQK;
				INFOPLIST_FILE = githubsampleUITests/Info.plist;
				LD_RUNPATH_SEARCH_PATHS = (
					"$(inherited)",
					"@executable_path/Frameworks",
					"@loader_path/Frameworks",
				);
				PRODUCT_BUNDLE_IDENTIFIER = br.com.felipeantoniocardoso.githubsampleUITests;
				PRODUCT_NAME = "$(TARGET_NAME)";
				SWIFT_VERSION = 4.2;
				TARGETED_DEVICE_FAMILY = "1,2";
				TEST_TARGET_NAME = githubsample;
			};
			name = Debug;
		};
		759BD927220207E700A7EA3D /* Release */ = {
			isa = XCBuildConfiguration;
			baseConfigurationReference = 5CF76121F95DE7707BC48E83 /* Pods-githubsampleUITests.release.xcconfig */;
			buildSettings = {
				ALWAYS_EMBED_SWIFT_STANDARD_LIBRARIES = YES;
				CODE_SIGN_STYLE = Automatic;
				DEVELOPMENT_TEAM = 6S2QHFGTQK;
				INFOPLIST_FILE = githubsampleUITests/Info.plist;
				LD_RUNPATH_SEARCH_PATHS = (
					"$(inherited)",
					"@executable_path/Frameworks",
					"@loader_path/Frameworks",
				);
				PRODUCT_BUNDLE_IDENTIFIER = br.com.felipeantoniocardoso.githubsampleUITests;
				PRODUCT_NAME = "$(TARGET_NAME)";
				SWIFT_VERSION = 4.2;
				TARGETED_DEVICE_FAMILY = "1,2";
				TEST_TARGET_NAME = githubsample;
			};
			name = Release;
		};
/* End XCBuildConfiguration section */

/* Begin XCConfigurationList section */
		759BD8EF220207E500A7EA3D /* Build configuration list for PBXProject "githubsample" */ = {
			isa = XCConfigurationList;
			buildConfigurations = (
				759BD91D220207E700A7EA3D /* Debug */,
				759BD91E220207E700A7EA3D /* Release */,
			);
			defaultConfigurationIsVisible = 0;
			defaultConfigurationName = Release;
		};
		759BD91F220207E700A7EA3D /* Build configuration list for PBXNativeTarget "githubsample" */ = {
			isa = XCConfigurationList;
			buildConfigurations = (
				759BD920220207E700A7EA3D /* Debug */,
				759BD921220207E700A7EA3D /* Release */,
			);
			defaultConfigurationIsVisible = 0;
			defaultConfigurationName = Release;
		};
		759BD922220207E700A7EA3D /* Build configuration list for PBXNativeTarget "githubsampleTests" */ = {
			isa = XCConfigurationList;
			buildConfigurations = (
				759BD923220207E700A7EA3D /* Debug */,
				759BD924220207E700A7EA3D /* Release */,
			);
			defaultConfigurationIsVisible = 0;
			defaultConfigurationName = Release;
		};
		759BD925220207E700A7EA3D /* Build configuration list for PBXNativeTarget "githubsampleUITests" */ = {
			isa = XCConfigurationList;
			buildConfigurations = (
				759BD926220207E700A7EA3D /* Debug */,
				759BD927220207E700A7EA3D /* Release */,
			);
			defaultConfigurationIsVisible = 0;
			defaultConfigurationName = Release;
		};
/* End XCConfigurationList section */

/* Begin XCVersionGroup section */
		759BD8FE220207E500A7EA3D /* githubsample.xcdatamodeld */ = {
			isa = XCVersionGroup;
			children = (
				759BD8FF220207E500A7EA3D /* githubsample.xcdatamodel */,
			);
			currentVersion = 759BD8FF220207E500A7EA3D /* githubsample.xcdatamodel */;
			path = githubsample.xcdatamodeld;
			sourceTree = "<group>";
			versionGroupType = wrapper.xcdatamodel;
		};
/* End XCVersionGroup section */
	};
	rootObject = 759BD8EC220207E500A7EA3D /* Project object */;
}
